<?xml version="1.0" encoding="utf-8"?>
<Project ToolsVersion="4.0" xmlns="http://schemas.microsoft.com/developer/msbuild/2003">
  <ItemGroup>
    <Filter Include="Header Files">
      <UniqueIdentifier>{93995380-89BD-4b04-88EB-625FBE52EBFB}</UniqueIdentifier>
      <Extensions>h;hh;hpp;hxx;hm;inl;inc;ipp;xsd</Extensions>
    </Filter>
    <Filter Include="Resource Files">
      <UniqueIdentifier>{67DA6AB6-F800-4c08-8B7A-83BB121AAD01}</UniqueIdentifier>
      <Extensions>rc;ico;cur;bmp;dlg;rc2;rct;bin;rgs;gif;jpg;jpeg;jpe;resx;tiff;tif;png;wav;mfcribbon-ms</Extensions>
    </Filter>
    <Filter Include="Resource Files\Source Files">
      <UniqueIdentifier>{4FC737F1-C7A5-4376-A066-2A32D752A2FF}</UniqueIdentifier>
      <Extensions>cpp;c;cc;cxx;def;odl;idl;hpj;bat;asm;asmx</Extensions>
    </Filter>
    <Filter Include="Resource Files\Data Files">
      <UniqueIdentifier>{8e3aed56-77ba-45ed-81bc-df0669c0bd0a}</UniqueIdentifier>
    </Filter>
    <Filter Include="Header Files\Entity">
      <UniqueIdentifier>{08640f12-e8fd-4840-b0a7-a2c58ddbdeb6}</UniqueIdentifier>
    </Filter>
    <Filter Include="Resource Files\Source Files\Entity">
      <UniqueIdentifier>{8a1e8cdf-d961-46fd-97f8-51969329bb31}</UniqueIdentifier>
    </Filter>
  </ItemGroup>
  <ItemGroup>
    <ClCompile Include="main.cpp">
      <Filter>Resource Files\Source Files</Filter>
    </ClCompile>
    <ClCompile Include="game.cpp">
      <Filter>Resource Files\Source Files</Filter>
    </ClCompile>
    <ClCompile Include="TileMap.cpp">
      <Filter>Resource Files\Source Files</Filter>
    </ClCompile>
    <ClCompile Include="TileType.cpp">
      <Filter>Resource Files\Source Files</Filter>
    </ClCompile>
    <ClCompile Include="CardsInHand.cpp">
      <Filter>Resource Files\Source Files</Filter>
    </ClCompile>
    <ClCompile Include="CardsInDeck.cpp">
      <Filter>Resource Files\Source Files</Filter>
    </ClCompile>
    <ClCompile Include="Card.cpp">
      <Filter>Resource Files\Source Files</Filter>
    </ClCompile>
    <ClCompile Include="CardActionMap.cpp">
      <Filter>Resource Files\Source Files</Filter>
    </ClCompile>
    <ClCompile Include="WindowInfo.cpp">
      <Filter>Resource Files\Source Files</Filter>
    </ClCompile>
    <ClCompile Include="Point.cpp">
      <Filter>Resource Files\Source Files</Filter>
    </ClCompile>
    <ClCompile Include="Animation.cpp">
      <Filter>Resource Files\Source Files</Filter>
    </ClCompile>
    <ClCompile Include="ImageManager.cpp">
      <Filter>Resource Files\Source Files</Filter>
    </ClCompile>
    <ClCompile Include="standaloneFunctions.cpp">
      <Filter>Resource Files\Source Files</Filter>
    </ClCompile>
    <ClCompile Include="BattlingCharacterType.cpp">
      <Filter>Resource Files\Source Files</Filter>
    </ClCompile>
    <ClCompile Include="jsoncpp.cpp">
      <Filter>Resource Files\Source Files</Filter>
    </ClCompile>
    <ClCompile Include="CardAction.cpp">
      <Filter>Resource Files\Source Files</Filter>
    </ClCompile>
    <ClCompile Include="entities\characters\BattlingCharacter.cpp">
      <Filter>Resource Files\Source Files\Entity</Filter>
    </ClCompile>
    <ClCompile Include="Enemy.cpp">
      <Filter>Resource Files\Source Files\Entity</Filter>
    </ClCompile>
    <ClCompile Include="entities\other\Entity.cpp">
      <Filter>Resource Files\Source Files\Entity</Filter>
    </ClCompile>
    <ClCompile Include="entities\other\CardSprite.cpp">
      <Filter>Resource Files\Source Files\Entity</Filter>
    </ClCompile>
    <ClCompile Include="entities\characters\player.cpp">
      <Filter>Resource Files\Source Files\Entity</Filter>
    </ClCompile>
    <ClCompile Include="entities\other\NumberEntity.cpp">
      <Filter>Resource Files\Source Files\Entity</Filter>
    </ClCompile>
    <ClCompile Include="AStar.cpp">
      <Filter>Resource Files\Source Files</Filter>
    </ClCompile>
  </ItemGroup>
  <ItemGroup>
    <ClInclude Include="TileType.h">
      <Filter>Header Files</Filter>
    </ClInclude>
    <ClInclude Include="TileMap.h">
      <Filter>Header Files</Filter>
    </ClInclude>
    <ClInclude Include="game.h">
      <Filter>Header Files</Filter>
    </ClInclude>
    <ClInclude Include="CardsInHand.h">
      <Filter>Header Files</Filter>
    </ClInclude>
    <ClInclude Include="CardsInDeck.h">
      <Filter>Header Files</Filter>
    </ClInclude>
    <ClInclude Include="Card.h">
      <Filter>Header Files</Filter>
    </ClInclude>
    <ClInclude Include="CardActionMap.h">
      <Filter>Header Files</Filter>
    </ClInclude>
    <ClInclude Include="WindowInfo.h">
      <Filter>Header Files</Filter>
    </ClInclude>
    <ClInclude Include="Point.h">
      <Filter>Header Files</Filter>
    </ClInclude>
    <ClInclude Include="Animation.h">
      <Filter>Header Files</Filter>
    </ClInclude>
    <ClInclude Include="ImageManager.h">
      <Filter>Header Files</Filter>
    </ClInclude>
    <ClInclude Include="globalVariables.h">
      <Filter>Header Files</Filter>
    </ClInclude>
    <ClInclude Include="standaloneFunctions.h">
      <Filter>Header Files</Filter>
    </ClInclude>
    <ClInclude Include="BattlingCharacterType.h">
      <Filter>Header Files</Filter>
    </ClInclude>
    <ClInclude Include="CardAction.h">
      <Filter>Header Files</Filter>
    </ClInclude>
    <ClInclude Include="entities\characters\BattlingCharacter.h">
      <Filter>Header Files\Entity</Filter>
    </ClInclude>
    <ClInclude Include="entities\other\Entity.h">
      <Filter>Header Files\Entity</Filter>
    </ClInclude>
    <ClInclude Include="entities\other\CardSprite.h">
      <Filter>Header Files\Entity</Filter>
    </ClInclude>
    <ClInclude Include="Enemy.h">
      <Filter>Header Files\Entity</Filter>
    </ClInclude>
    <ClInclude Include="entities\characters\player.h">
      <Filter>Header Files\Entity</Filter>
    </ClInclude>
    <ClInclude Include="entities\other\NumberEntity.h">
      <Filter>Header Files\Entity</Filter>
    </ClInclude>
    <ClInclude Include="AStar.hpp">
      <Filter>Header Files</Filter>
    </ClInclude>
  </ItemGroup>
  <ItemGroup>
    <None Include="fixedColourShader.frag">
      <Filter>Resource Files\Source Files</Filter>
    </None>
    <None Include="assets\data\characters\player\data.json">
      <Filter>Resource Files\Data Files</Filter>
    </None>
  </ItemGroup>
</Project>